
Microsoft Visual Studio Solution File, Format Version 12.00
# Visual Studio Version 16
VisualStudioVersion = 16.0.29905.134
MinimumVisualStudioVersion = 10.0.40219.1
Project("{9A19103F-16F7-4668-BE54-9A1E7A4F7556}") = "blazor-modal", "blazor-modal.csproj", "{45631277-E836-4D9E-B1D6-B59C2B06D45B}"
EndProject
Global
	GlobalSection(SolutionConfigurationPlatforms) = preSolution
		Debug|Any CPU = Debug|Any CPU
		Release|Any CPU = Release|Any CPU
	EndGlobalSection
	GlobalSection(ProjectConfigurationPlatforms) = postSolution
		{45631277-E836-4D9E-B1D6-B59C2B06D45B}.Debug|Any CPU.ActiveCfg = Debug|Any CPU
		{45631277-E836-4D9E-B1D6-B59C2B06D45B}.Debug|Any CPU.Build.0 = Debug|Any CPU
		{45631277-E836-4D9E-B1D6-B59C2B06D45B}.Release|Any CPU.ActiveCfg = Release|Any CPU
		{45631277-E836-4D9E-B1D6-B59C2B06D45B}.Release|Any CPU.Build.0 = Release|Any CPU
	EndGlobalSection
	GlobalSection(SolutionProperties) = preSolution
		HideSolutionNode = FALSE
	EndGlobalSection
	GlobalSection(ExtensibilityGlobals) = postSolution
		SolutionGuid = {CD137E68-9ECF-4B6A-A6CB-F74EC9475949}
	EndGlobalSection
EndGlobal
